
Microsoft Visual Studio Solution File, Format Version 12.00
# Visual Studio Version 17
VisualStudioVersion = 17.14.36414.22
MinimumVisualStudioVersion = 10.0.40219.1
Project("{FAE04EC0-301F-11D3-BF4B-00C04F79EFBC}") = "Proyecto_senavicola", "Proyecto_senavicola\Proyecto_senavicola.csproj", "{C87AFDA3-52B9-4FB4-BF87-E2E971D4A5CB}"
EndProject
Global
	GlobalSection(SolutionConfigurationPlatforms) = preSolution
		Debug|Any CPU = Debug|Any CPU
		Debug|x64 = Debug|x64
		Release|Any CPU = Release|Any CPU
		Release|x64 = Release|x64
	EndGlobalSection
	GlobalSection(ProjectConfigurationPlatforms) = postSolution
		{C87AFDA3-52B9-4FB4-BF87-E2E971D4A5CB}.Debug|Any CPU.ActiveCfg = Debug|Any CPU
		{C87AFDA3-52B9-4FB4-BF87-E2E971D4A5CB}.Debug|Any CPU.Build.0 = Debug|Any CPU
		{C87AFDA3-52B9-4FB4-BF87-E2E971D4A5CB}.Debug|x64.ActiveCfg = Debug|x64
		{C87AFDA3-52B9-4FB4-BF87-E2E971D4A5CB}.Debug|x64.Build.0 = Debug|x64
		{C87AFDA3-52B9-4FB4-BF87-E2E971D4A5CB}.Release|Any CPU.ActiveCfg = Release|Any CPU
		{C87AFDA3-52B9-4FB4-BF87-E2E971D4A5CB}.Release|Any CPU.Build.0 = Release|Any CPU
		{C87AFDA3-52B9-4FB4-BF87-E2E971D4A5CB}.Release|x64.ActiveCfg = Release|x64
		{C87AFDA3-52B9-4FB4-BF87-E2E971D4A5CB}.Release|x64.Build.0 = Release|x64
	EndGlobalSection
	GlobalSection(SolutionProperties) = preSolution
		HideSolutionNode = FALSE
	EndGlobalSection
	GlobalSection(ExtensibilityGlobals) = postSolution
		SolutionGuid = {581A4BC8-C142-40EA-A42A-9D7C23AC73AB}
	EndGlobalSection
EndGlobal
